
Microsoft Visual Studio Solution File, Format Version 12.00
# Visual Studio 15
Project("{FAE04EC0-301F-11D3-BF4B-00C04F79EFBC}") = "Assembly-CSharp", "Assembly-CSharp.csproj", "{10A2144A-7BD6-781C-B31A-2CA432EC7A9C}"
EndProject
Project("{2150E333-8FDC-42A3-9474-1A3956D46DE8}") = "Solution Items", "Solution Items", "{614A81FA-AF81-43E3-B891-5466154AA2D3}"
	ProjectSection(SolutionItems) = preProject
		.editorconfig = .editorconfig
	EndProjectSection
EndProject
Global
	GlobalSection(SolutionConfigurationPlatforms) = preSolution
		Debug|Any CPU = Debug|Any CPU
		Release|Any CPU = Release|Any CPU
	EndGlobalSection
	GlobalSection(ProjectConfigurationPlatforms) = postSolution
		{10A2144A-7BD6-781C-B31A-2CA432EC7A9C}.Debug|Any CPU.ActiveCfg = Debug|Any CPU
		{10A2144A-7BD6-781C-B31A-2CA432EC7A9C}.Debug|Any CPU.Build.0 = Debug|Any CPU
		{10A2144A-7BD6-781C-B31A-2CA432EC7A9C}.Release|Any CPU.ActiveCfg = Release|Any CPU
		{10A2144A-7BD6-781C-B31A-2CA432EC7A9C}.Release|Any CPU.Build.0 = Release|Any CPU
	EndGlobalSection
	GlobalSection(SolutionProperties) = preSolution
		HideSolutionNode = FALSE
	EndGlobalSection
EndGlobal
